
Microsoft Visual Studio Solution File, Format Version 12.00
# Visual Studio Version 16
VisualStudioVersion = 16.0.31515.178
MinimumVisualStudioVersion = 10.0.40219.1
Project("{FAE04EC0-301F-11D3-BF4B-00C04F79EFBC}") = "DatumiIto", "DatumiIto\DatumiIto.csproj", "{7AA15D98-975B-4219-8CF2-C6FC70A0CA00}"
EndProject
Global
	GlobalSection(SolutionConfigurationPlatforms) = preSolution
		Debug|Any CPU = Debug|Any CPU
		Release|Any CPU = Release|Any CPU
	EndGlobalSection
	GlobalSection(ProjectConfigurationPlatforms) = postSolution
		{7AA15D98-975B-4219-8CF2-C6FC70A0CA00}.Debug|Any CPU.ActiveCfg = Debug|Any CPU
		{7AA15D98-975B-4219-8CF2-C6FC70A0CA00}.Debug|Any CPU.Build.0 = Debug|Any CPU
		{7AA15D98-975B-4219-8CF2-C6FC70A0CA00}.Release|Any CPU.ActiveCfg = Release|Any CPU
		{7AA15D98-975B-4219-8CF2-C6FC70A0CA00}.Release|Any CPU.Build.0 = Release|Any CPU
	EndGlobalSection
	GlobalSection(SolutionProperties) = preSolution
		HideSolutionNode = FALSE
	EndGlobalSection
	GlobalSection(ExtensibilityGlobals) = postSolution
		SolutionGuid = {BCEE70D6-DD58-4A6C-88CA-04BD5E0A18B1}
	EndGlobalSection
EndGlobal
